// !$*UTF8*$!
{
	archiveVersion = 1;
	classes = {
	};
	objectVersion = 51;
	objects = {

/* Begin PBXBuildFile section */
		2BBF8F64DFF4F038A7429457 /* Pods_FrostAlertTests.framework in Frameworks */ = {isa = PBXBuildFile; fileRef = 9A4280D7DDFABC603ED0D57B /* Pods_FrostAlertTests.framework */; };
		3B75B77DC0F5739B35BF2E80 /* Pods_FrostAlert.framework in Frameworks */ = {isa = PBXBuildFile; fileRef = CBF06B7E1C62A40C88FCC5A5 /* Pods_FrostAlert.framework */; };
		C4E98E821219354E9B127B1B /* Pods_FrostAlert_FrostAlertUITests.framework in Frameworks */ = {isa = PBXBuildFile; fileRef = 072F226563369953D782CEA6 /* Pods_FrostAlert_FrostAlertUITests.framework */; };
		CFE6504B2623582C00FD25EE /* FrostAlertApp.swift in Sources */ = {isa = PBXBuildFile; fileRef = CFE6504A2623582C00FD25EE /* FrostAlertApp.swift */; };
		CFE6504D2623582C00FD25EE /* ContentView.swift in Sources */ = {isa = PBXBuildFile; fileRef = CFE6504C2623582C00FD25EE /* ContentView.swift */; };
		CFE6504F2623582F00FD25EE /* Assets.xcassets in Resources */ = {isa = PBXBuildFile; fileRef = CFE6504E2623582F00FD25EE /* Assets.xcassets */; };
		CFE650522623582F00FD25EE /* Preview Assets.xcassets in Resources */ = {isa = PBXBuildFile; fileRef = CFE650512623582F00FD25EE /* Preview Assets.xcassets */; };
		CFE6505D2623582F00FD25EE /* FrostAlertTests.swift in Sources */ = {isa = PBXBuildFile; fileRef = CFE6505C2623582F00FD25EE /* FrostAlertTests.swift */; };
		CFE650682623582F00FD25EE /* FrostAlertUITests.swift in Sources */ = {isa = PBXBuildFile; fileRef = CFE650672623582F00FD25EE /* FrostAlertUITests.swift */; };
		CFEF85CE26262A7E0017BE66 /* GoogleService-Info.plist in Resources */ = {isa = PBXBuildFile; fileRef = CFEF85CD26262A7E0017BE66 /* GoogleService-Info.plist */; };
		CFEF85CF26262A7E0017BE66 /* GoogleService-Info.plist in Resources */ = {isa = PBXBuildFile; fileRef = CFEF85CD26262A7E0017BE66 /* GoogleService-Info.plist */; };
		CFEF85D026262A7E0017BE66 /* GoogleService-Info.plist in Resources */ = {isa = PBXBuildFile; fileRef = CFEF85CD26262A7E0017BE66 /* GoogleService-Info.plist */; };
		CFEF860C262636330017BE66 /* Endpoint.swift in Sources */ = {isa = PBXBuildFile; fileRef = CFEF860B262636330017BE66 /* Endpoint.swift */; };
/* End PBXBuildFile section */

/* Begin PBXContainerItemProxy section */
		CFE650592623582F00FD25EE /* PBXContainerItemProxy */ = {
			isa = PBXContainerItemProxy;
			containerPortal = CFE6503F2623582C00FD25EE /* Project object */;
			proxyType = 1;
			remoteGlobalIDString = CFE650462623582C00FD25EE;
			remoteInfo = FrostAlert;
		};
		CFE650642623582F00FD25EE /* PBXContainerItemProxy */ = {
			isa = PBXContainerItemProxy;
			containerPortal = CFE6503F2623582C00FD25EE /* Project object */;
			proxyType = 1;
			remoteGlobalIDString = CFE650462623582C00FD25EE;
			remoteInfo = FrostAlert;
		};
/* End PBXContainerItemProxy section */

/* Begin PBXFileReference section */
		072F226563369953D782CEA6 /* Pods_FrostAlert_FrostAlertUITests.framework */ = {isa = PBXFileReference; explicitFileType = wrapper.framework; includeInIndex = 0; path = Pods_FrostAlert_FrostAlertUITests.framework; sourceTree = BUILT_PRODUCTS_DIR; };
		1457E1539160DEBB704C3770 /* Pods-FrostAlert-FrostAlertUITests.debug.xcconfig */ = {isa = PBXFileReference; includeInIndex = 1; lastKnownFileType = text.xcconfig; name = "Pods-FrostAlert-FrostAlertUITests.debug.xcconfig"; path = "Target Support Files/Pods-FrostAlert-FrostAlertUITests/Pods-FrostAlert-FrostAlertUITests.debug.xcconfig"; sourceTree = "<group>"; };
		3A5099F96957660290D6879E /* Pods-FrostAlert.debug.xcconfig */ = {isa = PBXFileReference; includeInIndex = 1; lastKnownFileType = text.xcconfig; name = "Pods-FrostAlert.debug.xcconfig"; path = "Target Support Files/Pods-FrostAlert/Pods-FrostAlert.debug.xcconfig"; sourceTree = "<group>"; };
		4B1A9E1EE7BA5E562A5D6157 /* Pods-FrostAlert-FrostAlertUITests.release.xcconfig */ = {isa = PBXFileReference; includeInIndex = 1; lastKnownFileType = text.xcconfig; name = "Pods-FrostAlert-FrostAlertUITests.release.xcconfig"; path = "Target Support Files/Pods-FrostAlert-FrostAlertUITests/Pods-FrostAlert-FrostAlertUITests.release.xcconfig"; sourceTree = "<group>"; };
		871A137E2D15FF6A955D3A30 /* Pods-FrostAlertTests.debug.xcconfig */ = {isa = PBXFileReference; includeInIndex = 1; lastKnownFileType = text.xcconfig; name = "Pods-FrostAlertTests.debug.xcconfig"; path = "Target Support Files/Pods-FrostAlertTests/Pods-FrostAlertTests.debug.xcconfig"; sourceTree = "<group>"; };
		8B71700BB663F19C3265DE30 /* Pods-FrostAlert.release.xcconfig */ = {isa = PBXFileReference; includeInIndex = 1; lastKnownFileType = text.xcconfig; name = "Pods-FrostAlert.release.xcconfig"; path = "Target Support Files/Pods-FrostAlert/Pods-FrostAlert.release.xcconfig"; sourceTree = "<group>"; };
		9A4280D7DDFABC603ED0D57B /* Pods_FrostAlertTests.framework */ = {isa = PBXFileReference; explicitFileType = wrapper.framework; includeInIndex = 0; path = Pods_FrostAlertTests.framework; sourceTree = BUILT_PRODUCTS_DIR; };
		CBF06B7E1C62A40C88FCC5A5 /* Pods_FrostAlert.framework */ = {isa = PBXFileReference; explicitFileType = wrapper.framework; includeInIndex = 0; path = Pods_FrostAlert.framework; sourceTree = BUILT_PRODUCTS_DIR; };
		CFE650472623582C00FD25EE /* FrostAlert.app */ = {isa = PBXFileReference; explicitFileType = wrapper.application; includeInIndex = 0; path = FrostAlert.app; sourceTree = BUILT_PRODUCTS_DIR; };
		CFE6504A2623582C00FD25EE /* FrostAlertApp.swift */ = {isa = PBXFileReference; lastKnownFileType = sourcecode.swift; path = FrostAlertApp.swift; sourceTree = "<group>"; };
		CFE6504C2623582C00FD25EE /* ContentView.swift */ = {isa = PBXFileReference; lastKnownFileType = sourcecode.swift; path = ContentView.swift; sourceTree = "<group>"; };
		CFE6504E2623582F00FD25EE /* Assets.xcassets */ = {isa = PBXFileReference; lastKnownFileType = folder.assetcatalog; path = Assets.xcassets; sourceTree = "<group>"; };
		CFE650512623582F00FD25EE /* Preview Assets.xcassets */ = {isa = PBXFileReference; lastKnownFileType = folder.assetcatalog; path = "Preview Assets.xcassets"; sourceTree = "<group>"; };
		CFE650532623582F00FD25EE /* Info.plist */ = {isa = PBXFileReference; lastKnownFileType = text.plist.xml; path = Info.plist; sourceTree = "<group>"; };
		CFE650582623582F00FD25EE /* FrostAlertTests.xctest */ = {isa = PBXFileReference; explicitFileType = wrapper.cfbundle; includeInIndex = 0; path = FrostAlertTests.xctest; sourceTree = BUILT_PRODUCTS_DIR; };
		CFE6505C2623582F00FD25EE /* FrostAlertTests.swift */ = {isa = PBXFileReference; lastKnownFileType = sourcecode.swift; path = FrostAlertTests.swift; sourceTree = "<group>"; };
		CFE6505E2623582F00FD25EE /* Info.plist */ = {isa = PBXFileReference; lastKnownFileType = text.plist.xml; path = Info.plist; sourceTree = "<group>"; };
		CFE650632623582F00FD25EE /* FrostAlertUITests.xctest */ = {isa = PBXFileReference; explicitFileType = wrapper.cfbundle; includeInIndex = 0; path = FrostAlertUITests.xctest; sourceTree = BUILT_PRODUCTS_DIR; };
		CFE650672623582F00FD25EE /* FrostAlertUITests.swift */ = {isa = PBXFileReference; lastKnownFileType = sourcecode.swift; path = FrostAlertUITests.swift; sourceTree = "<group>"; };
		CFE650692623582F00FD25EE /* Info.plist */ = {isa = PBXFileReference; lastKnownFileType = text.plist.xml; path = Info.plist; sourceTree = "<group>"; };
		CFEF85CD26262A7E0017BE66 /* GoogleService-Info.plist */ = {isa = PBXFileReference; fileEncoding = 4; lastKnownFileType = text.plist.xml; path = "GoogleService-Info.plist"; sourceTree = "<group>"; };
		CFEF860B262636330017BE66 /* Endpoint.swift */ = {isa = PBXFileReference; lastKnownFileType = sourcecode.swift; path = Endpoint.swift; sourceTree = "<group>"; };
		DDF010C3F8420C5F1A0482B0 /* Pods-FrostAlertTests.release.xcconfig */ = {isa = PBXFileReference; includeInIndex = 1; lastKnownFileType = text.xcconfig; name = "Pods-FrostAlertTests.release.xcconfig"; path = "Target Support Files/Pods-FrostAlertTests/Pods-FrostAlertTests.release.xcconfig"; sourceTree = "<group>"; };
/* End PBXFileReference section */

/* Begin PBXFrameworksBuildPhase section */
		CFE650442623582C00FD25EE /* Frameworks */ = {
			isa = PBXFrameworksBuildPhase;
			buildActionMask = 2147483647;
			files = (
				3B75B77DC0F5739B35BF2E80 /* Pods_FrostAlert.framework in Frameworks */,
			);
			runOnlyForDeploymentPostprocessing = 0;
		};
		CFE650552623582F00FD25EE /* Frameworks */ = {
			isa = PBXFrameworksBuildPhase;
			buildActionMask = 2147483647;
			files = (
				2BBF8F64DFF4F038A7429457 /* Pods_FrostAlertTests.framework in Frameworks */,
			);
			runOnlyForDeploymentPostprocessing = 0;
		};
		CFE650602623582F00FD25EE /* Frameworks */ = {
			isa = PBXFrameworksBuildPhase;
			buildActionMask = 2147483647;
			files = (
				C4E98E821219354E9B127B1B /* Pods_FrostAlert_FrostAlertUITests.framework in Frameworks */,
			);
			runOnlyForDeploymentPostprocessing = 0;
		};
/* End PBXFrameworksBuildPhase section */

/* Begin PBXGroup section */
		19DA2BE2D7A2028CE6C4076E /* Frameworks */ = {
			isa = PBXGroup;
			children = (
				CBF06B7E1C62A40C88FCC5A5 /* Pods_FrostAlert.framework */,
				072F226563369953D782CEA6 /* Pods_FrostAlert_FrostAlertUITests.framework */,
				9A4280D7DDFABC603ED0D57B /* Pods_FrostAlertTests.framework */,
			);
			name = Frameworks;
			sourceTree = "<group>";
		};
		6240A349214655048F0C9929 /* Pods */ = {
			isa = PBXGroup;
			children = (
				3A5099F96957660290D6879E /* Pods-FrostAlert.debug.xcconfig */,
				8B71700BB663F19C3265DE30 /* Pods-FrostAlert.release.xcconfig */,
				1457E1539160DEBB704C3770 /* Pods-FrostAlert-FrostAlertUITests.debug.xcconfig */,
				4B1A9E1EE7BA5E562A5D6157 /* Pods-FrostAlert-FrostAlertUITests.release.xcconfig */,
				871A137E2D15FF6A955D3A30 /* Pods-FrostAlertTests.debug.xcconfig */,
				DDF010C3F8420C5F1A0482B0 /* Pods-FrostAlertTests.release.xcconfig */,
			);
			path = Pods;
			sourceTree = "<group>";
		};
		CFE6503E2623582C00FD25EE = {
			isa = PBXGroup;
			children = (
				CFE650492623582C00FD25EE /* FrostAlert */,
				CFE6505B2623582F00FD25EE /* FrostAlertTests */,
				CFE650662623582F00FD25EE /* FrostAlertUITests */,
				CFE650482623582C00FD25EE /* Products */,
				6240A349214655048F0C9929 /* Pods */,
				19DA2BE2D7A2028CE6C4076E /* Frameworks */,
			);
			sourceTree = "<group>";
		};
		CFE650482623582C00FD25EE /* Products */ = {
			isa = PBXGroup;
			children = (
				CFE650472623582C00FD25EE /* FrostAlert.app */,
				CFE650582623582F00FD25EE /* FrostAlertTests.xctest */,
				CFE650632623582F00FD25EE /* FrostAlertUITests.xctest */,
			);
			name = Products;
			sourceTree = "<group>";
		};
		CFE650492623582C00FD25EE /* FrostAlert */ = {
			isa = PBXGroup;
			children = (
				CFEF860A262635F10017BE66 /* Data Model */,
				CFE650502623582F00FD25EE /* Preview Content */,
				CFEF85CC262553940017BE66 /* Views */,
				CFE6504A2623582C00FD25EE /* FrostAlertApp.swift */,
				CFE6504C2623582C00FD25EE /* ContentView.swift */,
				CFE6504E2623582F00FD25EE /* Assets.xcassets */,
				CFE650532623582F00FD25EE /* Info.plist */,
				CFEF85CD26262A7E0017BE66 /* GoogleService-Info.plist */,
			);
			path = FrostAlert;
			sourceTree = "<group>";
		};
		CFE650502623582F00FD25EE /* Preview Content */ = {
			isa = PBXGroup;
			children = (
				CFE650512623582F00FD25EE /* Preview Assets.xcassets */,
			);
			path = "Preview Content";
			sourceTree = "<group>";
		};
		CFE6505B2623582F00FD25EE /* FrostAlertTests */ = {
			isa = PBXGroup;
			children = (
				CFE6505C2623582F00FD25EE /* FrostAlertTests.swift */,
				CFE6505E2623582F00FD25EE /* Info.plist */,
			);
			path = FrostAlertTests;
			sourceTree = "<group>";
		};
		CFE650662623582F00FD25EE /* FrostAlertUITests */ = {
			isa = PBXGroup;
			children = (
				CFE650672623582F00FD25EE /* FrostAlertUITests.swift */,
				CFE650692623582F00FD25EE /* Info.plist */,
			);
			path = FrostAlertUITests;
			sourceTree = "<group>";
		};
		CFEF85CC262553940017BE66 /* Views */ = {
			isa = PBXGroup;
			children = (
			);
			path = Views;
			sourceTree = "<group>";
		};
		CFEF860A262635F10017BE66 /* Data Model */ = {
			isa = PBXGroup;
			children = (
				CFEF860B262636330017BE66 /* Endpoint.swift */,
			);
			path = "Data Model";
			sourceTree = "<group>";
		};
/* End PBXGroup section */

/* Begin PBXNativeTarget section */
		CFE650462623582C00FD25EE /* FrostAlert */ = {
			isa = PBXNativeTarget;
			buildConfigurationList = CFE6506C2623582F00FD25EE /* Build configuration list for PBXNativeTarget "FrostAlert" */;
			buildPhases = (
				B0173C4EA27AFFED28B339C3 /* [CP] Check Pods Manifest.lock */,
				CFE650432623582C00FD25EE /* Sources */,
				CFE650442623582C00FD25EE /* Frameworks */,
				CFE650452623582C00FD25EE /* Resources */,
				BCB30B3C57B926A15F94ED26 /* [CP] Embed Pods Frameworks */,
			);
			buildRules = (
			);
			dependencies = (
			);
			name = FrostAlert;
			productName = FrostAlert;
			productReference = CFE650472623582C00FD25EE /* FrostAlert.app */;
			productType = "com.apple.product-type.application";
		};
		CFE650572623582F00FD25EE /* FrostAlertTests */ = {
			isa = PBXNativeTarget;
			buildConfigurationList = CFE6506F2623582F00FD25EE /* Build configuration list for PBXNativeTarget "FrostAlertTests" */;
			buildPhases = (
				DE48E8B548902D86C0E14862 /* [CP] Check Pods Manifest.lock */,
				CFE650542623582F00FD25EE /* Sources */,
				CFE650552623582F00FD25EE /* Frameworks */,
				CFE650562623582F00FD25EE /* Resources */,
			);
			buildRules = (
			);
			dependencies = (
				CFE6505A2623582F00FD25EE /* PBXTargetDependency */,
			);
			name = FrostAlertTests;
			productName = FrostAlertTests;
			productReference = CFE650582623582F00FD25EE /* FrostAlertTests.xctest */;
			productType = "com.apple.product-type.bundle.unit-test";
		};
		CFE650622623582F00FD25EE /* FrostAlertUITests */ = {
			isa = PBXNativeTarget;
			buildConfigurationList = CFE650722623582F00FD25EE /* Build configuration list for PBXNativeTarget "FrostAlertUITests" */;
			buildPhases = (
				FD351D17588FB1DCDBAF5EB5 /* [CP] Check Pods Manifest.lock */,
				CFE6505F2623582F00FD25EE /* Sources */,
				CFE650602623582F00FD25EE /* Frameworks */,
				CFE650612623582F00FD25EE /* Resources */,
				9215C78F5C84718D510DD5B6 /* [CP] Embed Pods Frameworks */,
			);
			buildRules = (
			);
			dependencies = (
				CFE650652623582F00FD25EE /* PBXTargetDependency */,
			);
			name = FrostAlertUITests;
			productName = FrostAlertUITests;
			productReference = CFE650632623582F00FD25EE /* FrostAlertUITests.xctest */;
			productType = "com.apple.product-type.bundle.ui-testing";
		};
/* End PBXNativeTarget section */

/* Begin PBXProject section */
		CFE6503F2623582C00FD25EE /* Project object */ = {
			isa = PBXProject;
			attributes = {
				LastSwiftUpdateCheck = 1240;
				LastUpgradeCheck = 1240;
				TargetAttributes = {
					CFE650462623582C00FD25EE = {
						CreatedOnToolsVersion = 12.4;
					};
					CFE650572623582F00FD25EE = {
						CreatedOnToolsVersion = 12.4;
						TestTargetID = CFE650462623582C00FD25EE;
					};
					CFE650622623582F00FD25EE = {
						CreatedOnToolsVersion = 12.4;
						TestTargetID = CFE650462623582C00FD25EE;
					};
				};
			};
			buildConfigurationList = CFE650422623582C00FD25EE /* Build configuration list for PBXProject "FrostAlert" */;
			compatibilityVersion = "Xcode 9.3";
			developmentRegion = en;
			hasScannedForEncodings = 0;
			knownRegions = (
				en,
				Base,
			);
			mainGroup = CFE6503E2623582C00FD25EE;
			productRefGroup = CFE650482623582C00FD25EE /* Products */;
			projectDirPath = "";
			projectRoot = "";
			targets = (
				CFE650462623582C00FD25EE /* FrostAlert */,
				CFE650572623582F00FD25EE /* FrostAlertTests */,
				CFE650622623582F00FD25EE /* FrostAlertUITests */,
			);
		};
/* End PBXProject section */

/* Begin PBXResourcesBuildPhase section */
		CFE650452623582C00FD25EE /* Resources */ = {
			isa = PBXResourcesBuildPhase;
			buildActionMask = 2147483647;
			files = (
				CFE650522623582F00FD25EE /* Preview Assets.xcassets in Resources */,
				CFE6504F2623582F00FD25EE /* Assets.xcassets in Resources */,
				CFEF85CE26262A7E0017BE66 /* GoogleService-Info.plist in Resources */,
			);
			runOnlyForDeploymentPostprocessing = 0;
		};
		CFE650562623582F00FD25EE /* Resources */ = {
			isa = PBXResourcesBuildPhase;
			buildActionMask = 2147483647;
			files = (
				CFEF85CF26262A7E0017BE66 /* GoogleService-Info.plist in Resources */,
			);
			runOnlyForDeploymentPostprocessing = 0;
		};
		CFE650612623582F00FD25EE /* Resources */ = {
			isa = PBXResourcesBuildPhase;
			buildActionMask = 2147483647;
			files = (
				CFEF85D026262A7E0017BE66 /* GoogleService-Info.plist in Resources */,
			);
			runOnlyForDeploymentPostprocessing = 0;
		};
/* End PBXResourcesBuildPhase section */

/* Begin PBXShellScriptBuildPhase section */
		9215C78F5C84718D510DD5B6 /* [CP] Embed Pods Frameworks */ = {
			isa = PBXShellScriptBuildPhase;
			buildActionMask = 2147483647;
			files = (
			);
			inputFileListPaths = (
				"${PODS_ROOT}/Target Support Files/Pods-FrostAlert-FrostAlertUITests/Pods-FrostAlert-FrostAlertUITests-frameworks-${CONFIGURATION}-input-files.xcfilelist",
			);
			name = "[CP] Embed Pods Frameworks";
			outputFileListPaths = (
				"${PODS_ROOT}/Target Support Files/Pods-FrostAlert-FrostAlertUITests/Pods-FrostAlert-FrostAlertUITests-frameworks-${CONFIGURATION}-output-files.xcfilelist",
			);
			runOnlyForDeploymentPostprocessing = 0;
			shellPath = /bin/sh;
			shellScript = "\"${PODS_ROOT}/Target Support Files/Pods-FrostAlert-FrostAlertUITests/Pods-FrostAlert-FrostAlertUITests-frameworks.sh\"\n";
			showEnvVarsInLog = 0;
		};
		B0173C4EA27AFFED28B339C3 /* [CP] Check Pods Manifest.lock */ = {
			isa = PBXShellScriptBuildPhase;
			buildActionMask = 2147483647;
			files = (
			);
			inputFileListPaths = (
			);
			inputPaths = (
				"${PODS_PODFILE_DIR_PATH}/Podfile.lock",
				"${PODS_ROOT}/Manifest.lock",
			);
			name = "[CP] Check Pods Manifest.lock";
			outputFileListPaths = (
			);
			outputPaths = (
				"$(DERIVED_FILE_DIR)/Pods-FrostAlert-checkManifestLockResult.txt",
			);
			runOnlyForDeploymentPostprocessing = 0;
			shellPath = /bin/sh;
			shellScript = "diff \"${PODS_PODFILE_DIR_PATH}/Podfile.lock\" \"${PODS_ROOT}/Manifest.lock\" > /dev/null\nif [ $? != 0 ] ; then\n    # print error to STDERR\n    echo \"error: The sandbox is not in sync with the Podfile.lock. Run 'pod install' or update your CocoaPods installation.\" >&2\n    exit 1\nfi\n# This output is used by Xcode 'outputs' to avoid re-running this script phase.\necho \"SUCCESS\" > \"${SCRIPT_OUTPUT_FILE_0}\"\n";
			showEnvVarsInLog = 0;
		};
		BCB30B3C57B926A15F94ED26 /* [CP] Embed Pods Frameworks */ = {
			isa = PBXShellScriptBuildPhase;
			buildActionMask = 2147483647;
			files = (
			);
			inputFileListPaths = (
				"${PODS_ROOT}/Target Support Files/Pods-FrostAlert/Pods-FrostAlert-frameworks-${CONFIGURATION}-input-files.xcfilelist",
			);
			name = "[CP] Embed Pods Frameworks";
			outputFileListPaths = (
				"${PODS_ROOT}/Target Support Files/Pods-FrostAlert/Pods-FrostAlert-frameworks-${CONFIGURATION}-output-files.xcfilelist",
			);
			runOnlyForDeploymentPostprocessing = 0;
			shellPath = /bin/sh;
			shellScript = "\"${PODS_ROOT}/Target Support Files/Pods-FrostAlert/Pods-FrostAlert-frameworks.sh\"\n";
			showEnvVarsInLog = 0;
		};
		DE48E8B548902D86C0E14862 /* [CP] Check Pods Manifest.lock */ = {
			isa = PBXShellScriptBuildPhase;
			buildActionMask = 2147483647;
			files = (
			);
			inputFileListPaths = (
			);
			inputPaths = (
				"${PODS_PODFILE_DIR_PATH}/Podfile.lock",
				"${PODS_ROOT}/Manifest.lock",
			);
			name = "[CP] Check Pods Manifest.lock";
			outputFileListPaths = (
			);
			outputPaths = (
				"$(DERIVED_FILE_DIR)/Pods-FrostAlertTests-checkManifestLockResult.txt",
			);
			runOnlyForDeploymentPostprocessing = 0;
			shellPath = /bin/sh;
			shellScript = "diff \"${PODS_PODFILE_DIR_PATH}/Podfile.lock\" \"${PODS_ROOT}/Manifest.lock\" > /dev/null\nif [ $? != 0 ] ; then\n    # print error to STDERR\n    echo \"error: The sandbox is not in sync with the Podfile.lock. Run 'pod install' or update your CocoaPods installation.\" >&2\n    exit 1\nfi\n# This output is used by Xcode 'outputs' to avoid re-running this script phase.\necho \"SUCCESS\" > \"${SCRIPT_OUTPUT_FILE_0}\"\n";
			showEnvVarsInLog = 0;
		};
		FD351D17588FB1DCDBAF5EB5 /* [CP] Check Pods Manifest.lock */ = {
			isa = PBXShellScriptBuildPhase;
			buildActionMask = 2147483647;
			files = (
			);
			inputFileListPaths = (
			);
			inputPaths = (
				"${PODS_PODFILE_DIR_PATH}/Podfile.lock",
				"${PODS_ROOT}/Manifest.lock",
			);
			name = "[CP] Check Pods Manifest.lock";
			outputFileListPaths = (
			);
			outputPaths = (
				"$(DERIVED_FILE_DIR)/Pods-FrostAlert-FrostAlertUITests-checkManifestLockResult.txt",
			);
			runOnlyForDeploymentPostprocessing = 0;
			shellPath = /bin/sh;
			shellScript = "diff \"${PODS_PODFILE_DIR_PATH}/Podfile.lock\" \"${PODS_ROOT}/Manifest.lock\" > /dev/null\nif [ $? != 0 ] ; then\n    # print error to STDERR\n    echo \"error: The sandbox is not in sync with the Podfile.lock. Run 'pod install' or update your CocoaPods installation.\" >&2\n    exit 1\nfi\n# This output is used by Xcode 'outputs' to avoid re-running this script phase.\necho \"SUCCESS\" > \"${SCRIPT_OUTPUT_FILE_0}\"\n";
			showEnvVarsInLog = 0;
		};
/* End PBXShellScriptBuildPhase section */

/* Begin PBXSourcesBuildPhase section */
		CFE650432623582C00FD25EE /* Sources */ = {
			isa = PBXSourcesBuildPhase;
			buildActionMask = 2147483647;
			files = (
				CFE6504D2623582C00FD25EE /* ContentView.swift in Sources */,
				CFEF860C262636330017BE66 /* Endpoint.swift in Sources */,
				CFE6504B2623582C00FD25EE /* FrostAlertApp.swift in Sources */,
			);
			runOnlyForDeploymentPostprocessing = 0;
		};
		CFE650542623582F00FD25EE /* Sources */ = {
			isa = PBXSourcesBuildPhase;
			buildActionMask = 2147483647;
			files = (
				CFE6505D2623582F00FD25EE /* FrostAlertTests.swift in Sources */,
			);
			runOnlyForDeploymentPostprocessing = 0;
		};
		CFE6505F2623582F00FD25EE /* Sources */ = {
			isa = PBXSourcesBuildPhase;
			buildActionMask = 2147483647;
			files = (
				CFE650682623582F00FD25EE /* FrostAlertUITests.swift in Sources */,
			);
			runOnlyForDeploymentPostprocessing = 0;
		};
/* End PBXSourcesBuildPhase section */

/* Begin PBXTargetDependency section */
		CFE6505A2623582F00FD25EE /* PBXTargetDependency */ = {
			isa = PBXTargetDependency;
			target = CFE650462623582C00FD25EE /* FrostAlert */;
			targetProxy = CFE650592623582F00FD25EE /* PBXContainerItemProxy */;
		};
		CFE650652623582F00FD25EE /* PBXTargetDependency */ = {
			isa = PBXTargetDependency;
			target = CFE650462623582C00FD25EE /* FrostAlert */;
			targetProxy = CFE650642623582F00FD25EE /* PBXContainerItemProxy */;
		};
/* End PBXTargetDependency section */

/* Begin XCBuildConfiguration section */
		CFE6506A2623582F00FD25EE /* Debug */ = {
			isa = XCBuildConfiguration;
			buildSettings = {
				ALWAYS_SEARCH_USER_PATHS = NO;
				CLANG_ANALYZER_NONNULL = YES;
				CLANG_ANALYZER_NUMBER_OBJECT_CONVERSION = YES_AGGRESSIVE;
				CLANG_CXX_LANGUAGE_STANDARD = "gnu++14";
				CLANG_CXX_LIBRARY = "libc++";
				CLANG_ENABLE_MODULES = YES;
				CLANG_ENABLE_OBJC_ARC = YES;
				CLANG_ENABLE_OBJC_WEAK = YES;
				CLANG_WARN_BLOCK_CAPTURE_AUTORELEASING = YES;
				CLANG_WARN_BOOL_CONVERSION = YES;
				CLANG_WARN_COMMA = YES;
				CLANG_WARN_CONSTANT_CONVERSION = YES;
				CLANG_WARN_DEPRECATED_OBJC_IMPLEMENTATIONS = YES;
				CLANG_WARN_DIRECT_OBJC_ISA_USAGE = YES_ERROR;
				CLANG_WARN_DOCUMENTATION_COMMENTS = YES;
				CLANG_WARN_EMPTY_BODY = YES;
				CLANG_WARN_ENUM_CONVERSION = YES;
				CLANG_WARN_INFINITE_RECURSION = YES;
				CLANG_WARN_INT_CONVERSION = YES;
				CLANG_WARN_NON_LITERAL_NULL_CONVERSION = YES;
				CLANG_WARN_OBJC_IMPLICIT_RETAIN_SELF = YES;
				CLANG_WARN_OBJC_LITERAL_CONVERSION = YES;
				CLANG_WARN_OBJC_ROOT_CLASS = YES_ERROR;
				CLANG_WARN_QUOTED_INCLUDE_IN_FRAMEWORK_HEADER = YES;
				CLANG_WARN_RANGE_LOOP_ANALYSIS = YES;
				CLANG_WARN_STRICT_PROTOTYPES = YES;
				CLANG_WARN_SUSPICIOUS_MOVE = YES;
				CLANG_WARN_UNGUARDED_AVAILABILITY = YES_AGGRESSIVE;
				CLANG_WARN_UNREACHABLE_CODE = YES;
				CLANG_WARN__DUPLICATE_METHOD_MATCH = YES;
				COPY_PHASE_STRIP = NO;
				DEBUG_INFORMATION_FORMAT = dwarf;
				ENABLE_STRICT_OBJC_MSGSEND = YES;
				ENABLE_TESTABILITY = YES;
				GCC_C_LANGUAGE_STANDARD = gnu11;
				GCC_DYNAMIC_NO_PIC = NO;
				GCC_NO_COMMON_BLOCKS = YES;
				GCC_OPTIMIZATION_LEVEL = 0;
				GCC_PREPROCESSOR_DEFINITIONS = (
					"DEBUG=1",
					"$(inherited)",
				);
				GCC_WARN_64_TO_32_BIT_CONVERSION = YES;
				GCC_WARN_ABOUT_RETURN_TYPE = YES_ERROR;
				GCC_WARN_UNDECLARED_SELECTOR = YES;
				GCC_WARN_UNINITIALIZED_AUTOS = YES_AGGRESSIVE;
				GCC_WARN_UNUSED_FUNCTION = YES;
				GCC_WARN_UNUSED_VARIABLE = YES;
				IPHONEOS_DEPLOYMENT_TARGET = 14.4;
				MTL_ENABLE_DEBUG_INFO = INCLUDE_SOURCE;
				MTL_FAST_MATH = YES;
				ONLY_ACTIVE_ARCH = YES;
				SDKROOT = iphoneos;
				SWIFT_ACTIVE_COMPILATION_CONDITIONS = DEBUG;
				SWIFT_OPTIMIZATION_LEVEL = "-Onone";
			};
			name = Debug;
		};
		CFE6506B2623582F00FD25EE /* Release */ = {
			isa = XCBuildConfiguration;
			buildSettings = {
				ALWAYS_SEARCH_USER_PATHS = NO;
				CLANG_ANALYZER_NONNULL = YES;
				CLANG_ANALYZER_NUMBER_OBJECT_CONVERSION = YES_AGGRESSIVE;
				CLANG_CXX_LANGUAGE_STANDARD = "gnu++14";
				CLANG_CXX_LIBRARY = "libc++";
				CLANG_ENABLE_MODULES = YES;
				CLANG_ENABLE_OBJC_ARC = YES;
				CLANG_ENABLE_OBJC_WEAK = YES;
				CLANG_WARN_BLOCK_CAPTURE_AUTORELEASING = YES;
				CLANG_WARN_BOOL_CONVERSION = YES;
				CLANG_WARN_COMMA = YES;
				CLANG_WARN_CONSTANT_CONVERSION = YES;
				CLANG_WARN_DEPRECATED_OBJC_IMPLEMENTATIONS = YES;
				CLANG_WARN_DIRECT_OBJC_ISA_USAGE = YES_ERROR;
				CLANG_WARN_DOCUMENTATION_COMMENTS = YES;
				CLANG_WARN_EMPTY_BODY = YES;
				CLANG_WARN_ENUM_CONVERSION = YES;
				CLANG_WARN_INFINITE_RECURSION = YES;
				CLANG_WARN_INT_CONVERSION = YES;
				CLANG_WARN_NON_LITERAL_NULL_CONVERSION = YES;
				CLANG_WARN_OBJC_IMPLICIT_RETAIN_SELF = YES;
				CLANG_WARN_OBJC_LITERAL_CONVERSION = YES;
				CLANG_WARN_OBJC_ROOT_CLASS = YES_ERROR;
				CLANG_WARN_QUOTED_INCLUDE_IN_FRAMEWORK_HEADER = YES;
				CLANG_WARN_RANGE_LOOP_ANALYSIS = YES;
				CLANG_WARN_STRICT_PROTOTYPES = YES;
				CLANG_WARN_SUSPICIOUS_MOVE = YES;
				CLANG_WARN_UNGUARDED_AVAILABILITY = YES_AGGRESSIVE;
				CLANG_WARN_UNREACHABLE_CODE = YES;
				CLANG_WARN__DUPLICATE_METHOD_MATCH = YES;
				COPY_PHASE_STRIP = NO;
				DEBUG_INFORMATION_FORMAT = "dwarf-with-dsym";
				ENABLE_NS_ASSERTIONS = NO;
				ENABLE_STRICT_OBJC_MSGSEND = YES;
				GCC_C_LANGUAGE_STANDARD = gnu11;
				GCC_NO_COMMON_BLOCKS = YES;
				GCC_WARN_64_TO_32_BIT_CONVERSION = YES;
				GCC_WARN_ABOUT_RETURN_TYPE = YES_ERROR;
				GCC_WARN_UNDECLARED_SELECTOR = YES;
				GCC_WARN_UNINITIALIZED_AUTOS = YES_AGGRESSIVE;
				GCC_WARN_UNUSED_FUNCTION = YES;
				GCC_WARN_UNUSED_VARIABLE = YES;
				IPHONEOS_DEPLOYMENT_TARGET = 14.4;
				MTL_ENABLE_DEBUG_INFO = NO;
				MTL_FAST_MATH = YES;
				SDKROOT = iphoneos;
				SWIFT_COMPILATION_MODE = wholemodule;
				SWIFT_OPTIMIZATION_LEVEL = "-O";
				VALIDATE_PRODUCT = YES;
			};
			name = Release;
		};
		CFE6506D2623582F00FD25EE /* Debug */ = {
			isa = XCBuildConfiguration;
			baseConfigurationReference = 3A5099F96957660290D6879E /* Pods-FrostAlert.debug.xcconfig */;
			buildSettings = {
				ASSETCATALOG_COMPILER_APPICON_NAME = AppIcon;
				ASSETCATALOG_COMPILER_GLOBAL_ACCENT_COLOR_NAME = AccentColor;
				CODE_SIGN_STYLE = Automatic;
				DEVELOPMENT_ASSET_PATHS = "\"FrostAlert/Preview Content\"";
				ENABLE_PREVIEWS = YES;
				INFOPLIST_FILE = FrostAlert/Info.plist;
				IPHONEOS_DEPLOYMENT_TARGET = 14.0;
				LD_RUNPATH_SEARCH_PATHS = (
					"$(inherited)",
					"@executable_path/Frameworks",
				);
				PRODUCT_BUNDLE_IDENTIFIER = andrewjames.FrostAlert;
				PRODUCT_NAME = "$(TARGET_NAME)";
				SWIFT_VERSION = 5.0;
				TARGETED_DEVICE_FAMILY = "1,2";
			};
			name = Debug;
		};
		CFE6506E2623582F00FD25EE /* Release */ = {
			isa = XCBuildConfiguration;
			baseConfigurationReference = 8B71700BB663F19C3265DE30 /* Pods-FrostAlert.release.xcconfig */;
			buildSettings = {
				ASSETCATALOG_COMPILER_APPICON_NAME = AppIcon;
				ASSETCATALOG_COMPILER_GLOBAL_ACCENT_COLOR_NAME = AccentColor;
				CODE_SIGN_STYLE = Automatic;
				DEVELOPMENT_ASSET_PATHS = "\"FrostAlert/Preview Content\"";
				ENABLE_PREVIEWS = YES;
				INFOPLIST_FILE = FrostAlert/Info.plist;
				IPHONEOS_DEPLOYMENT_TARGET = 14.0;
				LD_RUNPATH_SEARCH_PATHS = (
					"$(inherited)",
					"@executable_path/Frameworks",
				);
				PRODUCT_BUNDLE_IDENTIFIER = andrewjames.FrostAlert;
				PRODUCT_NAME = "$(TARGET_NAME)";
				SWIFT_VERSION = 5.0;
				TARGETED_DEVICE_FAMILY = "1,2";
			};
			name = Release;
		};
		CFE650702623582F00FD25EE /* Debug */ = {
			isa = XCBuildConfiguration;
			baseConfigurationReference = 871A137E2D15FF6A955D3A30 /* Pods-FrostAlertTests.debug.xcconfig */;
			buildSettings = {
				ALWAYS_EMBED_SWIFT_STANDARD_LIBRARIES = YES;
				BUNDLE_LOADER = "$(TEST_HOST)";
				CODE_SIGN_STYLE = Automatic;
				INFOPLIST_FILE = FrostAlertTests/Info.plist;
				IPHONEOS_DEPLOYMENT_TARGET = 14.0;
				LD_RUNPATH_SEARCH_PATHS = (
					"$(inherited)",
					"@executable_path/Frameworks",
					"@loader_path/Frameworks",
				);
				PRODUCT_BUNDLE_IDENTIFIER = andrewjames.FrostAlertTests;
				PRODUCT_NAME = "$(TARGET_NAME)";
				SWIFT_VERSION = 5.0;
				TARGETED_DEVICE_FAMILY = "1,2";
				TEST_HOST = "$(BUILT_PRODUCTS_DIR)/FrostAlert.app/FrostAlert";
			};
			name = Debug;
		};
		CFE650712623582F00FD25EE /* Release */ = {
			isa = XCBuildConfiguration;
			baseConfigurationReference = DDF010C3F8420C5F1A0482B0 /* Pods-FrostAlertTests.release.xcconfig */;
			buildSettings = {
				ALWAYS_EMBED_SWIFT_STANDARD_LIBRARIES = YES;
				BUNDLE_LOADER = "$(TEST_HOST)";
				CODE_SIGN_STYLE = Automatic;
				INFOPLIST_FILE = FrostAlertTests/Info.plist;
				IPHONEOS_DEPLOYMENT_TARGET = 14.0;
				LD_RUNPATH_SEARCH_PATHS = (
					"$(inherited)",
					"@executable_path/Frameworks",
					"@loader_path/Frameworks",
				);
				PRODUCT_BUNDLE_IDENTIFIER = andrewjames.FrostAlertTests;
				PRODUCT_NAME = "$(TARGET_NAME)";
				SWIFT_VERSION = 5.0;
				TARGETED_DEVICE_FAMILY = "1,2";
				TEST_HOST = "$(BUILT_PRODUCTS_DIR)/FrostAlert.app/FrostAlert";
			};
			name = Release;
		};
		CFE650732623582F00FD25EE /* Debug */ = {
			isa = XCBuildConfiguration;
			baseConfigurationReference = 1457E1539160DEBB704C3770 /* Pods-FrostAlert-FrostAlertUITests.debug.xcconfig */;
			buildSettings = {
				ALWAYS_EMBED_SWIFT_STANDARD_LIBRARIES = YES;
				CODE_SIGN_STYLE = Automatic;
				INFOPLIST_FILE = FrostAlertUITests/Info.plist;
				LD_RUNPATH_SEARCH_PATHS = (
					"$(inherited)",
					"@executable_path/Frameworks",
					"@loader_path/Frameworks",
				);
				PRODUCT_BUNDLE_IDENTIFIER = andrewjames.FrostAlertUITests;
				PRODUCT_NAME = "$(TARGET_NAME)";
				SWIFT_VERSION = 5.0;
				TARGETED_DEVICE_FAMILY = "1,2";
				TEST_TARGET_NAME = FrostAlert;
			};
			name = Debug;
		};
		CFE650742623582F00FD25EE /* Release */ = {
			isa = XCBuildConfiguration;
			baseConfigurationReference = 4B1A9E1EE7BA5E562A5D6157 /* Pods-FrostAlert-FrostAlertUITests.release.xcconfig */;
			buildSettings = {
				ALWAYS_EMBED_SWIFT_STANDARD_LIBRARIES = YES;
				CODE_SIGN_STYLE = Automatic;
				INFOPLIST_FILE = FrostAlertUITests/Info.plist;
				LD_RUNPATH_SEARCH_PATHS = (
					"$(inherited)",
					"@executable_path/Frameworks",
					"@loader_path/Frameworks",
				);
				PRODUCT_BUNDLE_IDENTIFIER = andrewjames.FrostAlertUITests;
				PRODUCT_NAME = "$(TARGET_NAME)";
				SWIFT_VERSION = 5.0;
				TARGETED_DEVICE_FAMILY = "1,2";
				TEST_TARGET_NAME = FrostAlert;
			};
			name = Release;
		};
/* End XCBuildConfiguration section */

/* Begin XCConfigurationList section */
		CFE650422623582C00FD25EE /* Build configuration list for PBXProject "FrostAlert" */ = {
			isa = XCConfigurationList;
			buildConfigurations = (
				CFE6506A2623582F00FD25EE /* Debug */,
				CFE6506B2623582F00FD25EE /* Release */,
			);
			defaultConfigurationIsVisible = 0;
			defaultConfigurationName = Release;
		};
		CFE6506C2623582F00FD25EE /* Build configuration list for PBXNativeTarget "FrostAlert" */ = {
			isa = XCConfigurationList;
			buildConfigurations = (
				CFE6506D2623582F00FD25EE /* Debug */,
				CFE6506E2623582F00FD25EE /* Release */,
			);
			defaultConfigurationIsVisible = 0;
			defaultConfigurationName = Release;
		};
		CFE6506F2623582F00FD25EE /* Build configuration list for PBXNativeTarget "FrostAlertTests" */ = {
			isa = XCConfigurationList;
			buildConfigurations = (
				CFE650702623582F00FD25EE /* Debug */,
				CFE650712623582F00FD25EE /* Release */,
			);
			defaultConfigurationIsVisible = 0;
			defaultConfigurationName = Release;
		};
		CFE650722623582F00FD25EE /* Build configuration list for PBXNativeTarget "FrostAlertUITests" */ = {
			isa = XCConfigurationList;
			buildConfigurations = (
				CFE650732623582F00FD25EE /* Debug */,
				CFE650742623582F00FD25EE /* Release */,
			);
			defaultConfigurationIsVisible = 0;
			defaultConfigurationName = Release;
		};
/* End XCConfigurationList section */
	};
	rootObject = CFE6503F2623582C00FD25EE /* Project object */;
}
